
Microsoft Visual Studio Solution File, Format Version 12.00
# Visual Studio 15
VisualStudioVersion = 15.0.27428.2037
MinimumVisualStudioVersion = 10.0.40219.1
Project("{FAE04EC0-301F-11D3-BF4B-00C04F79EFBC}") = "addressbook-web-tests", "UnitTestProject1\addressbook-web-tests.csproj", "{097066CC-C4EC-4536-848E-CF94A200E763}"
EndProject
Global
	GlobalSection(SolutionConfigurationPlatforms) = preSolution
		Debug|Any CPU = Debug|Any CPU
		Release|Any CPU = Release|Any CPU
	EndGlobalSection
	GlobalSection(ProjectConfigurationPlatforms) = postSolution
		{097066CC-C4EC-4536-848E-CF94A200E763}.Debug|Any CPU.ActiveCfg = Debug|Any CPU
		{097066CC-C4EC-4536-848E-CF94A200E763}.Debug|Any CPU.Build.0 = Debug|Any CPU
		{097066CC-C4EC-4536-848E-CF94A200E763}.Release|Any CPU.ActiveCfg = Release|Any CPU
		{097066CC-C4EC-4536-848E-CF94A200E763}.Release|Any CPU.Build.0 = Release|Any CPU
	EndGlobalSection
	GlobalSection(SolutionProperties) = preSolution
		HideSolutionNode = FALSE
	EndGlobalSection
	GlobalSection(ExtensibilityGlobals) = postSolution
		SolutionGuid = {108E50C5-1627-4E88-846A-3135364380D6}
	EndGlobalSection
EndGlobal
